
Microsoft Visual Studio Solution File, Format Version 12.00
# Visual Studio Version 17
VisualStudioVersion = 17.3.32804.467
MinimumVisualStudioVersion = 10.0.40219.1
Project("{9A19103F-16F7-4668-BE54-9A1E7A4F7556}") = "uri-beecrowd-1098", "uri-beecrowd\uri-beecrowd-1098.csproj", "{5D5D2E8F-8B5E-46D8-B220-04E8AF403FA3}"
EndProject
Project("{9A19103F-16F7-4668-BE54-9A1E7A4F7556}") = "uri-beecrowd-1099", "uri-beecrowd-1099\uri-beecrowd-1099.csproj", "{6F04936F-637B-466B-AF03-788304BCDA38}"
EndProject
Project("{9A19103F-16F7-4668-BE54-9A1E7A4F7556}") = "uri-beecrowd-1101", "uri-beecrowd-1101\uri-beecrowd-1101.csproj", "{DE527691-DECC-453C-BC69-5ECB80661B69}"
EndProject
Project("{9A19103F-16F7-4668-BE54-9A1E7A4F7556}") = "uri-beecrowd-1114", "uri-beecrowd-1114\uri-beecrowd-1114.csproj", "{2420A427-77A2-4E6C-B0AD-1411FCE21D61}"
EndProject
Project("{9A19103F-16F7-4668-BE54-9A1E7A4F7556}") = "uri-beecrowd-1115", "uri-beecrowd-1115\uri-beecrowd-1115.csproj", "{851CA732-B4D2-4809-9C83-F8C09A25B5B5}"
EndProject
Project("{9A19103F-16F7-4668-BE54-9A1E7A4F7556}") = "uri-beecrowd-1116", "uri-beecrowd-1116\uri-beecrowd-1116.csproj", "{3B504FE7-FA29-4E7C-B7EF-B7EEE0AE1478}"
EndProject
Project("{9A19103F-16F7-4668-BE54-9A1E7A4F7556}") = "uri-beecrowd-1117", "uri-beecrowd-1117\uri-beecrowd-1117.csproj", "{01ACA1E0-2BDB-44BF-8DA7-34EE161320A5}"
EndProject
Project("{9A19103F-16F7-4668-BE54-9A1E7A4F7556}") = "uri-beecrowd-1118", "uri-beecrowd-1118\uri-beecrowd-1118.csproj", "{8E5B8045-9480-484B-B0AC-6879586D2E34}"
EndProject
Project("{9A19103F-16F7-4668-BE54-9A1E7A4F7556}") = "uri-beecrowd-1145", "uri-beecrowd-1145\uri-beecrowd-1145.csproj", "{2435BA89-5508-4319-8488-C8CC1D4C1AAE}"
EndProject
Project("{9A19103F-16F7-4668-BE54-9A1E7A4F7556}") = "UriBeeCrowd1144", "UriBeeCrowd1144\UriBeeCrowd1144.csproj", "{1498A30D-AACD-4520-85E4-FB4A1C500889}"
EndProject
Project("{9A19103F-16F7-4668-BE54-9A1E7A4F7556}") = "BeeCrowd1149", "BeeCrowd1149\BeeCrowd1149.csproj", "{D84F3B84-E1EE-4544-A568-D11642CFC138}"
EndProject
Project("{9A19103F-16F7-4668-BE54-9A1E7A4F7556}") = "BeeCrowd1150", "BeeCrowd1150\BeeCrowd1150.csproj", "{1C69C07E-CF7D-4AD9-AF8C-A62FC631A678}"
EndProject
Project("{9A19103F-16F7-4668-BE54-9A1E7A4F7556}") = "BeeCrowd1153", "BeeCrowd1153\BeeCrowd1153.csproj", "{D20F344F-D95A-413C-985D-E4D14ACAFA9E}"
EndProject
Project("{9A19103F-16F7-4668-BE54-9A1E7A4F7556}") = "BeeCrowd1158", "BeeCrowd1158\BeeCrowd1158.csproj", "{88E60EF7-E0C0-421E-8159-2B7597150219}"
EndProject
Project("{9A19103F-16F7-4668-BE54-9A1E7A4F7556}") = "BeeCrowd1159", "BeeCrowd1159\BeeCrowd1159.csproj", "{A31D126C-4286-4597-AC23-287F8BD324C7}"
EndProject
Project("{9A19103F-16F7-4668-BE54-9A1E7A4F7556}") = "BeeCrowd1160", "BeeCrowd1160\BeeCrowd1160.csproj", "{42E447B7-29F6-4103-91A5-2C4765C98EDB}"
EndProject
Project("{9A19103F-16F7-4668-BE54-9A1E7A4F7556}") = "BeeCrowd1164", "BeeCrowd1164\BeeCrowd1164.csproj", "{AF93BA22-473F-4F64-9A3A-C1902FE4A266}"
EndProject
Project("{9A19103F-16F7-4668-BE54-9A1E7A4F7556}") = "BeeCrowd1172", "BeeCrowd1172\BeeCrowd1172.csproj", "{E3843752-69DE-49DC-BF54-A49CBE72C4C9}"
EndProject
Project("{9A19103F-16F7-4668-BE54-9A1E7A4F7556}") = "BeeCrowd1173", "BeeCrowd1173\BeeCrowd1173.csproj", "{C59BC340-EA52-458F-A925-D89997EBE9F7}"
EndProject
Project("{9A19103F-16F7-4668-BE54-9A1E7A4F7556}") = "BeeCrowd1174", "BeeCrowd1174\BeeCrowd1174.csproj", "{16754FA5-92BC-4A29-B47F-56D55FC3158B}"
EndProject
Project("{9A19103F-16F7-4668-BE54-9A1E7A4F7556}") = "BeeCrowd1175", "BeeCrowd1175\BeeCrowd1175.csproj", "{4B180827-192C-44EB-9046-5D55E4776CE5}"
EndProject
Project("{FAE04EC0-301F-11D3-BF4B-00C04F79EFBC}") = "BeeCrowd1024", "BeeCrowd1024\BeeCrowd1024.csproj", "{039B7603-206C-4F44-8D6F-153F49BBFC23}"
EndProject
Global
	GlobalSection(SolutionConfigurationPlatforms) = preSolution
		Debug|Any CPU = Debug|Any CPU
		Release|Any CPU = Release|Any CPU
	EndGlobalSection
	GlobalSection(ProjectConfigurationPlatforms) = postSolution
		{5D5D2E8F-8B5E-46D8-B220-04E8AF403FA3}.Debug|Any CPU.ActiveCfg = Debug|Any CPU
		{5D5D2E8F-8B5E-46D8-B220-04E8AF403FA3}.Debug|Any CPU.Build.0 = Debug|Any CPU
		{5D5D2E8F-8B5E-46D8-B220-04E8AF403FA3}.Release|Any CPU.ActiveCfg = Release|Any CPU
		{5D5D2E8F-8B5E-46D8-B220-04E8AF403FA3}.Release|Any CPU.Build.0 = Release|Any CPU
		{6F04936F-637B-466B-AF03-788304BCDA38}.Debug|Any CPU.ActiveCfg = Debug|Any CPU
		{6F04936F-637B-466B-AF03-788304BCDA38}.Debug|Any CPU.Build.0 = Debug|Any CPU
		{6F04936F-637B-466B-AF03-788304BCDA38}.Release|Any CPU.ActiveCfg = Release|Any CPU
		{6F04936F-637B-466B-AF03-788304BCDA38}.Release|Any CPU.Build.0 = Release|Any CPU
		{DE527691-DECC-453C-BC69-5ECB80661B69}.Debug|Any CPU.ActiveCfg = Debug|Any CPU
		{DE527691-DECC-453C-BC69-5ECB80661B69}.Debug|Any CPU.Build.0 = Debug|Any CPU
		{DE527691-DECC-453C-BC69-5ECB80661B69}.Release|Any CPU.ActiveCfg = Release|Any CPU
		{DE527691-DECC-453C-BC69-5ECB80661B69}.Release|Any CPU.Build.0 = Release|Any CPU
		{2420A427-77A2-4E6C-B0AD-1411FCE21D61}.Debug|Any CPU.ActiveCfg = Debug|Any CPU
		{2420A427-77A2-4E6C-B0AD-1411FCE21D61}.Debug|Any CPU.Build.0 = Debug|Any CPU
		{2420A427-77A2-4E6C-B0AD-1411FCE21D61}.Release|Any CPU.ActiveCfg = Release|Any CPU
		{2420A427-77A2-4E6C-B0AD-1411FCE21D61}.Release|Any CPU.Build.0 = Release|Any CPU
		{851CA732-B4D2-4809-9C83-F8C09A25B5B5}.Debug|Any CPU.ActiveCfg = Debug|Any CPU
		{851CA732-B4D2-4809-9C83-F8C09A25B5B5}.Debug|Any CPU.Build.0 = Debug|Any CPU
		{851CA732-B4D2-4809-9C83-F8C09A25B5B5}.Release|Any CPU.ActiveCfg = Release|Any CPU
		{851CA732-B4D2-4809-9C83-F8C09A25B5B5}.Release|Any CPU.Build.0 = Release|Any CPU
		{3B504FE7-FA29-4E7C-B7EF-B7EEE0AE1478}.Debug|Any CPU.ActiveCfg = Debug|Any CPU
		{3B504FE7-FA29-4E7C-B7EF-B7EEE0AE1478}.Debug|Any CPU.Build.0 = Debug|Any CPU
		{3B504FE7-FA29-4E7C-B7EF-B7EEE0AE1478}.Release|Any CPU.ActiveCfg = Release|Any CPU
		{3B504FE7-FA29-4E7C-B7EF-B7EEE0AE1478}.Release|Any CPU.Build.0 = Release|Any CPU
		{01ACA1E0-2BDB-44BF-8DA7-34EE161320A5}.Debug|Any CPU.ActiveCfg = Debug|Any CPU
		{01ACA1E0-2BDB-44BF-8DA7-34EE161320A5}.Debug|Any CPU.Build.0 = Debug|Any CPU
		{01ACA1E0-2BDB-44BF-8DA7-34EE161320A5}.Release|Any CPU.ActiveCfg = Release|Any CPU
		{01ACA1E0-2BDB-44BF-8DA7-34EE161320A5}.Release|Any CPU.Build.0 = Release|Any CPU
		{8E5B8045-9480-484B-B0AC-6879586D2E34}.Debug|Any CPU.ActiveCfg = Debug|Any CPU
		{8E5B8045-9480-484B-B0AC-6879586D2E34}.Debug|Any CPU.Build.0 = Debug|Any CPU
		{8E5B8045-9480-484B-B0AC-6879586D2E34}.Release|Any CPU.ActiveCfg = Release|Any CPU
		{8E5B8045-9480-484B-B0AC-6879586D2E34}.Release|Any CPU.Build.0 = Release|Any CPU
		{2435BA89-5508-4319-8488-C8CC1D4C1AAE}.Debug|Any CPU.ActiveCfg = Debug|Any CPU
		{2435BA89-5508-4319-8488-C8CC1D4C1AAE}.Debug|Any CPU.Build.0 = Debug|Any CPU
		{2435BA89-5508-4319-8488-C8CC1D4C1AAE}.Release|Any CPU.ActiveCfg = Release|Any CPU
		{2435BA89-5508-4319-8488-C8CC1D4C1AAE}.Release|Any CPU.Build.0 = Release|Any CPU
		{1498A30D-AACD-4520-85E4-FB4A1C500889}.Debug|Any CPU.ActiveCfg = Debug|Any CPU
		{1498A30D-AACD-4520-85E4-FB4A1C500889}.Debug|Any CPU.Build.0 = Debug|Any CPU
		{1498A30D-AACD-4520-85E4-FB4A1C500889}.Release|Any CPU.ActiveCfg = Release|Any CPU
		{1498A30D-AACD-4520-85E4-FB4A1C500889}.Release|Any CPU.Build.0 = Release|Any CPU
		{D84F3B84-E1EE-4544-A568-D11642CFC138}.Debug|Any CPU.ActiveCfg = Debug|Any CPU
		{D84F3B84-E1EE-4544-A568-D11642CFC138}.Debug|Any CPU.Build.0 = Debug|Any CPU
		{D84F3B84-E1EE-4544-A568-D11642CFC138}.Release|Any CPU.ActiveCfg = Release|Any CPU
		{D84F3B84-E1EE-4544-A568-D11642CFC138}.Release|Any CPU.Build.0 = Release|Any CPU
		{1C69C07E-CF7D-4AD9-AF8C-A62FC631A678}.Debug|Any CPU.ActiveCfg = Debug|Any CPU
		{1C69C07E-CF7D-4AD9-AF8C-A62FC631A678}.Debug|Any CPU.Build.0 = Debug|Any CPU
		{1C69C07E-CF7D-4AD9-AF8C-A62FC631A678}.Release|Any CPU.ActiveCfg = Release|Any CPU
		{1C69C07E-CF7D-4AD9-AF8C-A62FC631A678}.Release|Any CPU.Build.0 = Release|Any CPU
		{D20F344F-D95A-413C-985D-E4D14ACAFA9E}.Debug|Any CPU.ActiveCfg = Debug|Any CPU
		{D20F344F-D95A-413C-985D-E4D14ACAFA9E}.Debug|Any CPU.Build.0 = Debug|Any CPU
		{D20F344F-D95A-413C-985D-E4D14ACAFA9E}.Release|Any CPU.ActiveCfg = Release|Any CPU
		{D20F344F-D95A-413C-985D-E4D14ACAFA9E}.Release|Any CPU.Build.0 = Release|Any CPU
		{88E60EF7-E0C0-421E-8159-2B7597150219}.Debug|Any CPU.ActiveCfg = Debug|Any CPU
		{88E60EF7-E0C0-421E-8159-2B7597150219}.Debug|Any CPU.Build.0 = Debug|Any CPU
		{88E60EF7-E0C0-421E-8159-2B7597150219}.Release|Any CPU.ActiveCfg = Release|Any CPU
		{88E60EF7-E0C0-421E-8159-2B7597150219}.Release|Any CPU.Build.0 = Release|Any CPU
		{A31D126C-4286-4597-AC23-287F8BD324C7}.Debug|Any CPU.ActiveCfg = Debug|Any CPU
		{A31D126C-4286-4597-AC23-287F8BD324C7}.Debug|Any CPU.Build.0 = Debug|Any CPU
		{A31D126C-4286-4597-AC23-287F8BD324C7}.Release|Any CPU.ActiveCfg = Release|Any CPU
		{A31D126C-4286-4597-AC23-287F8BD324C7}.Release|Any CPU.Build.0 = Release|Any CPU
		{42E447B7-29F6-4103-91A5-2C4765C98EDB}.Debug|Any CPU.ActiveCfg = Debug|Any CPU
		{42E447B7-29F6-4103-91A5-2C4765C98EDB}.Debug|Any CPU.Build.0 = Debug|Any CPU
		{42E447B7-29F6-4103-91A5-2C4765C98EDB}.Release|Any CPU.ActiveCfg = Release|Any CPU
		{42E447B7-29F6-4103-91A5-2C4765C98EDB}.Release|Any CPU.Build.0 = Release|Any CPU
		{AF93BA22-473F-4F64-9A3A-C1902FE4A266}.Debug|Any CPU.ActiveCfg = Debug|Any CPU
		{AF93BA22-473F-4F64-9A3A-C1902FE4A266}.Debug|Any CPU.Build.0 = Debug|Any CPU
		{AF93BA22-473F-4F64-9A3A-C1902FE4A266}.Release|Any CPU.ActiveCfg = Release|Any CPU
		{AF93BA22-473F-4F64-9A3A-C1902FE4A266}.Release|Any CPU.Build.0 = Release|Any CPU
		{E3843752-69DE-49DC-BF54-A49CBE72C4C9}.Debug|Any CPU.ActiveCfg = Debug|Any CPU
		{E3843752-69DE-49DC-BF54-A49CBE72C4C9}.Debug|Any CPU.Build.0 = Debug|Any CPU
		{E3843752-69DE-49DC-BF54-A49CBE72C4C9}.Release|Any CPU.ActiveCfg = Release|Any CPU
		{E3843752-69DE-49DC-BF54-A49CBE72C4C9}.Release|Any CPU.Build.0 = Release|Any CPU
		{C59BC340-EA52-458F-A925-D89997EBE9F7}.Debug|Any CPU.ActiveCfg = Debug|Any CPU
		{C59BC340-EA52-458F-A925-D89997EBE9F7}.Debug|Any CPU.Build.0 = Debug|Any CPU
		{C59BC340-EA52-458F-A925-D89997EBE9F7}.Release|Any CPU.ActiveCfg = Release|Any CPU
		{C59BC340-EA52-458F-A925-D89997EBE9F7}.Release|Any CPU.Build.0 = Release|Any CPU
		{16754FA5-92BC-4A29-B47F-56D55FC3158B}.Debug|Any CPU.ActiveCfg = Debug|Any CPU
		{16754FA5-92BC-4A29-B47F-56D55FC3158B}.Debug|Any CPU.Build.0 = Debug|Any CPU
		{16754FA5-92BC-4A29-B47F-56D55FC3158B}.Release|Any CPU.ActiveCfg = Release|Any CPU
		{16754FA5-92BC-4A29-B47F-56D55FC3158B}.Release|Any CPU.Build.0 = Release|Any CPU
		{4B180827-192C-44EB-9046-5D55E4776CE5}.Debug|Any CPU.ActiveCfg = Debug|Any CPU
		{4B180827-192C-44EB-9046-5D55E4776CE5}.Debug|Any CPU.Build.0 = Debug|Any CPU
		{4B180827-192C-44EB-9046-5D55E4776CE5}.Release|Any CPU.ActiveCfg = Release|Any CPU
		{4B180827-192C-44EB-9046-5D55E4776CE5}.Release|Any CPU.Build.0 = Release|Any CPU
		{039B7603-206C-4F44-8D6F-153F49BBFC23}.Debug|Any CPU.ActiveCfg = Debug|Any CPU
		{039B7603-206C-4F44-8D6F-153F49BBFC23}.Debug|Any CPU.Build.0 = Debug|Any CPU
		{039B7603-206C-4F44-8D6F-153F49BBFC23}.Release|Any CPU.ActiveCfg = Release|Any CPU
		{039B7603-206C-4F44-8D6F-153F49BBFC23}.Release|Any CPU.Build.0 = Release|Any CPU
	EndGlobalSection
	GlobalSection(SolutionProperties) = preSolution
		HideSolutionNode = FALSE
	EndGlobalSection
	GlobalSection(ExtensibilityGlobals) = postSolution
		SolutionGuid = {8A97C6D1-B565-423F-BD2D-A4EF00BDA0DE}
	EndGlobalSection
EndGlobal
